
Microsoft Visual Studio Solution File, Format Version 12.00
# Visual Studio Version 16
VisualStudioVersion = 16.0.31005.135
MinimumVisualStudioVersion = 10.0.40219.1
Project("{FAE04EC0-301F-11D3-BF4B-00C04F79EFBC}") = "GameBackendDemo", "GameBackendDemo.csproj", "{91D530A7-7C57-49AB-93E9-A09EF5BBE7D4}"
EndProject
Global
	GlobalSection(SolutionConfigurationPlatforms) = preSolution
		Debug|Any CPU = Debug|Any CPU
		Release|Any CPU = Release|Any CPU
	EndGlobalSection
	GlobalSection(ProjectConfigurationPlatforms) = postSolution
		{91D530A7-7C57-49AB-93E9-A09EF5BBE7D4}.Debug|Any CPU.ActiveCfg = Debug|Any CPU
		{91D530A7-7C57-49AB-93E9-A09EF5BBE7D4}.Debug|Any CPU.Build.0 = Debug|Any CPU
		{91D530A7-7C57-49AB-93E9-A09EF5BBE7D4}.Release|Any CPU.ActiveCfg = Release|Any CPU
		{91D530A7-7C57-49AB-93E9-A09EF5BBE7D4}.Release|Any CPU.Build.0 = Release|Any CPU
	EndGlobalSection
	GlobalSection(SolutionProperties) = preSolution
		HideSolutionNode = FALSE
	EndGlobalSection
	GlobalSection(ExtensibilityGlobals) = postSolution
		SolutionGuid = {5EB7E6DE-D2DF-4C37-94DA-0EFD6ED7D887}
	EndGlobalSection
EndGlobal
